
Microsoft Visual Studio Solution File, Format Version 12.00
# Visual Studio 2012
Project("{FAE04EC0-301F-11D3-BF4B-00C04F79EFBC}") = "AnirolacComponent.IOS", "src\AnirolacComponent.IOS\AnirolacComponent.IOS.csproj", "{3D4FAC41-A7D6-4AD4-BA8A-6DBC378C7D15}"
EndProject
Project("{FAE04EC0-301F-11D3-BF4B-00C04F79EFBC}") = "AnirolacComponent.Android", "src\AnirolacComponent.Android\AnirolacComponent.Android.csproj", "{04A96057-9C94-46CA-B2F2-262A2B14A888}"
EndProject
Project("{2150E333-8FDC-42A3-9474-1A3956D46DE8}") = "Solution Items", "Solution Items", "{9C405080-C893-421A-8EDD-FEAF0484F3F8}"
	ProjectSection(SolutionItems) = preProject
		License.md = License.md
		README.md = README.md
	EndProjectSection
EndProject
Global
	GlobalSection(SolutionConfigurationPlatforms) = preSolution
		Debug|Any CPU = Debug|Any CPU
		Release|Any CPU = Release|Any CPU
	EndGlobalSection
	GlobalSection(ProjectConfigurationPlatforms) = postSolution
		{04A96057-9C94-46CA-B2F2-262A2B14A888}.Debug|Any CPU.ActiveCfg = Debug|Any CPU
		{04A96057-9C94-46CA-B2F2-262A2B14A888}.Debug|Any CPU.Build.0 = Debug|Any CPU
		{04A96057-9C94-46CA-B2F2-262A2B14A888}.Release|Any CPU.ActiveCfg = Release|Any CPU
		{04A96057-9C94-46CA-B2F2-262A2B14A888}.Release|Any CPU.Build.0 = Release|Any CPU
		{3D4FAC41-A7D6-4AD4-BA8A-6DBC378C7D15}.Debug|Any CPU.ActiveCfg = Debug|Any CPU
		{3D4FAC41-A7D6-4AD4-BA8A-6DBC378C7D15}.Debug|Any CPU.Build.0 = Debug|Any CPU
		{3D4FAC41-A7D6-4AD4-BA8A-6DBC378C7D15}.Release|Any CPU.ActiveCfg = Release|Any CPU
		{3D4FAC41-A7D6-4AD4-BA8A-6DBC378C7D15}.Release|Any CPU.Build.0 = Release|Any CPU
	EndGlobalSection
	GlobalSection(NestedProjects) = preSolution
	EndGlobalSection
	GlobalSection(MonoDevelopProperties) = preSolution
		StartupItem = src\AnirolacComponent.IOS\AnirolacComponent.IOS.csproj
	EndGlobalSection
EndGlobal
