
Microsoft Visual Studio Solution File, Format Version 12.00
# Visual Studio 2012
Project("{FAE04EC0-301F-11D3-BF4B-00C04F79EFBC}") = "AnirolacComponent.Samples.Android", "AnirolacComponent.Samples.Android\AnirolacComponent.Samples.Android.csproj", "{6BCC3107-AE09-4F90-89E9-E8ABF6351E19}"
EndProject
Project("{FAE04EC0-301F-11D3-BF4B-00C04F79EFBC}") = "AnirolacComponent.Android", "..\..\src\AnirolacComponent.Android\AnirolacComponent.Android.csproj", "{04A96057-9C94-46CA-B2F2-262A2B14A888}"
EndProject
Global
	GlobalSection(SolutionConfigurationPlatforms) = preSolution
		Debug|Any CPU = Debug|Any CPU
		Release|Any CPU = Release|Any CPU
	EndGlobalSection
	GlobalSection(ProjectConfigurationPlatforms) = postSolution
		{04A96057-9C94-46CA-B2F2-262A2B14A888}.Debug|Any CPU.ActiveCfg = Debug|Any CPU
		{04A96057-9C94-46CA-B2F2-262A2B14A888}.Debug|Any CPU.Build.0 = Debug|Any CPU
		{04A96057-9C94-46CA-B2F2-262A2B14A888}.Release|Any CPU.ActiveCfg = Release|Any CPU
		{04A96057-9C94-46CA-B2F2-262A2B14A888}.Release|Any CPU.Build.0 = Release|Any CPU
		{6BCC3107-AE09-4F90-89E9-E8ABF6351E19}.Debug|Any CPU.ActiveCfg = Debug|Any CPU
		{6BCC3107-AE09-4F90-89E9-E8ABF6351E19}.Debug|Any CPU.Build.0 = Debug|Any CPU
		{6BCC3107-AE09-4F90-89E9-E8ABF6351E19}.Release|Any CPU.ActiveCfg = Release|Any CPU
		{6BCC3107-AE09-4F90-89E9-E8ABF6351E19}.Release|Any CPU.Build.0 = Release|Any CPU
	EndGlobalSection
	GlobalSection(MonoDevelopProperties) = preSolution
		StartupItem = AnirolacComponent.Samples.Android\AnirolacComponent.Samples.Android.csproj
	EndGlobalSection
EndGlobal
